
Microsoft Visual Studio Solution File, Format Version 12.00
# Visual Studio 2013
VisualStudioVersion = 12.0.40629.0
MinimumVisualStudioVersion = 10.0.40219.1
Project("{FAE04EC0-301F-11D3-BF4B-00C04F79EFBC}") = "Shared", "Shared\Shared.csproj", "{A34D8FCB-FD9E-45A6-AE99-FC4F5E08C230}"
EndProject
Project("{FAE04EC0-301F-11D3-BF4B-00C04F79EFBC}") = "SharedTest", "SharedTest\SharedTest.csproj", "{BA6CAD79-6268-47EE-8F7C-8AA89FE3B96C}"
EndProject
Project("{FAE04EC0-301F-11D3-BF4B-00C04F79EFBC}") = "Server", "Server\Server.csproj", "{CC049E36-AF9F-4FF6-8977-A8FB7A20061E}"
EndProject
Project("{FAE04EC0-301F-11D3-BF4B-00C04F79EFBC}") = "CommunicationProtocol", "CommunicationProtocol\CommunicationProtocol.csproj", "{E8B4957A-9F85-4746-8CAE-3BD02007A290}"
EndProject
Project("{FAE04EC0-301F-11D3-BF4B-00C04F79EFBC}") = "ServerTests", "ServerTests\ServerTests.csproj", "{79459AAD-C98D-4863-B99A-0C23F3E53615}"
EndProject
Global
	GlobalSection(SolutionConfigurationPlatforms) = preSolution
		Debug|Any CPU = Debug|Any CPU
		Release|Any CPU = Release|Any CPU
	EndGlobalSection
	GlobalSection(ProjectConfigurationPlatforms) = postSolution
		{A34D8FCB-FD9E-45A6-AE99-FC4F5E08C230}.Debug|Any CPU.ActiveCfg = Debug|Any CPU
		{A34D8FCB-FD9E-45A6-AE99-FC4F5E08C230}.Debug|Any CPU.Build.0 = Debug|Any CPU
		{A34D8FCB-FD9E-45A6-AE99-FC4F5E08C230}.Release|Any CPU.ActiveCfg = Release|Any CPU
		{A34D8FCB-FD9E-45A6-AE99-FC4F5E08C230}.Release|Any CPU.Build.0 = Release|Any CPU
		{BA6CAD79-6268-47EE-8F7C-8AA89FE3B96C}.Debug|Any CPU.ActiveCfg = Debug|Any CPU
		{BA6CAD79-6268-47EE-8F7C-8AA89FE3B96C}.Debug|Any CPU.Build.0 = Debug|Any CPU
		{BA6CAD79-6268-47EE-8F7C-8AA89FE3B96C}.Release|Any CPU.ActiveCfg = Release|Any CPU
		{BA6CAD79-6268-47EE-8F7C-8AA89FE3B96C}.Release|Any CPU.Build.0 = Release|Any CPU
		{CC049E36-AF9F-4FF6-8977-A8FB7A20061E}.Debug|Any CPU.ActiveCfg = Debug|Any CPU
		{CC049E36-AF9F-4FF6-8977-A8FB7A20061E}.Debug|Any CPU.Build.0 = Debug|Any CPU
		{CC049E36-AF9F-4FF6-8977-A8FB7A20061E}.Release|Any CPU.ActiveCfg = Release|Any CPU
		{CC049E36-AF9F-4FF6-8977-A8FB7A20061E}.Release|Any CPU.Build.0 = Release|Any CPU
		{E8B4957A-9F85-4746-8CAE-3BD02007A290}.Debug|Any CPU.ActiveCfg = Debug|Any CPU
		{E8B4957A-9F85-4746-8CAE-3BD02007A290}.Debug|Any CPU.Build.0 = Debug|Any CPU
		{E8B4957A-9F85-4746-8CAE-3BD02007A290}.Release|Any CPU.ActiveCfg = Release|Any CPU
		{E8B4957A-9F85-4746-8CAE-3BD02007A290}.Release|Any CPU.Build.0 = Release|Any CPU
		{79459AAD-C98D-4863-B99A-0C23F3E53615}.Debug|Any CPU.ActiveCfg = Debug|Any CPU
		{79459AAD-C98D-4863-B99A-0C23F3E53615}.Debug|Any CPU.Build.0 = Debug|Any CPU
		{79459AAD-C98D-4863-B99A-0C23F3E53615}.Release|Any CPU.ActiveCfg = Release|Any CPU
		{79459AAD-C98D-4863-B99A-0C23F3E53615}.Release|Any CPU.Build.0 = Release|Any CPU
	EndGlobalSection
	GlobalSection(SolutionProperties) = preSolution
		HideSolutionNode = FALSE
	EndGlobalSection
EndGlobal
